
Microsoft Visual Studio Solution File, Format Version 12.00
# Visual Studio Version 16
VisualStudioVersion = 16.0.29306.81
MinimumVisualStudioVersion = 10.0.40219.1
Project("{FAE04EC0-301F-11D3-BF4B-00C04F79EFBC}") = "FlipCase", "FlipCase\FlipCase.csproj", "{FC563C0D-2185-4435-8C92-578F4392E9EC}"
EndProject
Global
	GlobalSection(SolutionConfigurationPlatforms) = preSolution
		Debug|Any CPU = Debug|Any CPU
		Release|Any CPU = Release|Any CPU
	EndGlobalSection
	GlobalSection(ProjectConfigurationPlatforms) = postSolution
		{FC563C0D-2185-4435-8C92-578F4392E9EC}.Debug|Any CPU.ActiveCfg = Debug|Any CPU
		{FC563C0D-2185-4435-8C92-578F4392E9EC}.Debug|Any CPU.Build.0 = Debug|Any CPU
		{FC563C0D-2185-4435-8C92-578F4392E9EC}.Release|Any CPU.ActiveCfg = Release|Any CPU
		{FC563C0D-2185-4435-8C92-578F4392E9EC}.Release|Any CPU.Build.0 = Release|Any CPU
	EndGlobalSection
	GlobalSection(SolutionProperties) = preSolution
		HideSolutionNode = FALSE
	EndGlobalSection
	GlobalSection(ExtensibilityGlobals) = postSolution
		SolutionGuid = {102B8D1D-D6BB-427A-82B5-59967F596E21}
	EndGlobalSection
EndGlobal
